// !$*UTF8*$!
{
	archiveVersion = 1;
	classes = {
	};
	objectVersion = 46;
	objects = {

/* Begin PBXBuildFile section */
		C9FA52911DAE89A300049A69 /* AppDelegate.swift in Sources */ = {isa = PBXBuildFile; fileRef = C9FA52901DAE89A300049A69 /* AppDelegate.swift */; };
		C9FA52931DAE89A300049A69 /* ViewController.swift in Sources */ = {isa = PBXBuildFile; fileRef = C9FA52921DAE89A300049A69 /* ViewController.swift */; };
		C9FA52961DAE89A300049A69 /* Main.storyboard in Resources */ = {isa = PBXBuildFile; fileRef = C9FA52941DAE89A300049A69 /* Main.storyboard */; };
		C9FA52981DAE89A300049A69 /* Assets.xcassets in Resources */ = {isa = PBXBuildFile; fileRef = C9FA52971DAE89A300049A69 /* Assets.xcassets */; };
		C9FA529B1DAE89A300049A69 /* LaunchScreen.storyboard in Resources */ = {isa = PBXBuildFile; fileRef = C9FA52991DAE89A300049A69 /* LaunchScreen.storyboard */; };
		C9FA52BF1DAE8BBA00049A69 /* ConditionChecker.swift in Sources */ = {isa = PBXBuildFile; fileRef = C9FA52BE1DAE8BBA00049A69 /* ConditionChecker.swift */; };
		C9FA52C11DAE95C200049A69 /* Activity.swift in Sources */ = {isa = PBXBuildFile; fileRef = C9FA52C01DAE95C200049A69 /* Activity.swift */; };
		C9FA52C51DAEF70E00049A69 /* WeatherAlertTests.swift in Sources */ = {isa = PBXBuildFile; fileRef = C9FA52A51DAE89A300049A69 /* WeatherAlertTests.swift */; };
		C9FA52C71DB2590A00049A69 /* ConditionChecker.swift in Sources */ = {isa = PBXBuildFile; fileRef = C9FA52C61DB2590A00049A69 /* ConditionChecker.swift */; };
/* End PBXBuildFile section */

/* Begin PBXContainerItemProxy section */
		C9FA52A21DAE89A300049A69 /* PBXContainerItemProxy */ = {
			isa = PBXContainerItemProxy;
			containerPortal = C9FA52851DAE89A300049A69 /* Project object */;
			proxyType = 1;
			remoteGlobalIDString = C9FA528C1DAE89A300049A69;
			remoteInfo = WeatherAlert;
		};
/* End PBXContainerItemProxy section */

/* Begin PBXFileReference section */
		C9FA528D1DAE89A300049A69 /* WeatherAlert.app */ = {isa = PBXFileReference; explicitFileType = wrapper.application; includeInIndex = 0; path = WeatherAlert.app; sourceTree = BUILT_PRODUCTS_DIR; };
		C9FA52901DAE89A300049A69 /* AppDelegate.swift */ = {isa = PBXFileReference; lastKnownFileType = sourcecode.swift; path = AppDelegate.swift; sourceTree = "<group>"; };
		C9FA52921DAE89A300049A69 /* ViewController.swift */ = {isa = PBXFileReference; lastKnownFileType = sourcecode.swift; path = ViewController.swift; sourceTree = "<group>"; };
		C9FA52951DAE89A300049A69 /* Base */ = {isa = PBXFileReference; lastKnownFileType = file.storyboard; name = Base; path = Base.lproj/Main.storyboard; sourceTree = "<group>"; };
		C9FA52971DAE89A300049A69 /* Assets.xcassets */ = {isa = PBXFileReference; lastKnownFileType = folder.assetcatalog; path = Assets.xcassets; sourceTree = "<group>"; };
		C9FA529A1DAE89A300049A69 /* Base */ = {isa = PBXFileReference; lastKnownFileType = file.storyboard; name = Base; path = Base.lproj/LaunchScreen.storyboard; sourceTree = "<group>"; };
		C9FA529C1DAE89A300049A69 /* Info.plist */ = {isa = PBXFileReference; lastKnownFileType = text.plist.xml; path = Info.plist; sourceTree = "<group>"; };
		C9FA52A11DAE89A300049A69 /* WeatherAlertTests.xctest */ = {isa = PBXFileReference; explicitFileType = wrapper.cfbundle; includeInIndex = 0; path = WeatherAlertTests.xctest; sourceTree = BUILT_PRODUCTS_DIR; };
		C9FA52A51DAE89A300049A69 /* WeatherAlertTests.swift */ = {isa = PBXFileReference; lastKnownFileType = sourcecode.swift; path = WeatherAlertTests.swift; sourceTree = "<group>"; };
		C9FA52A71DAE89A300049A69 /* Info.plist */ = {isa = PBXFileReference; lastKnownFileType = text.plist.xml; path = Info.plist; sourceTree = "<group>"; };
		C9FA52BE1DAE8BBA00049A69 /* ConditionChecker.swift */ = {isa = PBXFileReference; fileEncoding = 4; lastKnownFileType = sourcecode.swift; path = ConditionChecker.swift; sourceTree = "<group>"; };
		C9FA52C01DAE95C200049A69 /* Activity.swift */ = {isa = PBXFileReference; fileEncoding = 4; lastKnownFileType = sourcecode.swift; path = Activity.swift; sourceTree = "<group>"; };
		C9FA52C61DB2590A00049A69 /* ConditionChecker.swift */ = {isa = PBXFileReference; fileEncoding = 4; lastKnownFileType = sourcecode.swift; path = ConditionChecker.swift; sourceTree = "<group>"; };
/* End PBXFileReference section */

/* Begin PBXFrameworksBuildPhase section */
		C9FA528A1DAE89A300049A69 /* Frameworks */ = {
			isa = PBXFrameworksBuildPhase;
			buildActionMask = 2147483647;
			files = (
			);
			runOnlyForDeploymentPostprocessing = 0;
		};
		C9FA529E1DAE89A300049A69 /* Frameworks */ = {
			isa = PBXFrameworksBuildPhase;
			buildActionMask = 2147483647;
			files = (
			);
			runOnlyForDeploymentPostprocessing = 0;
		};
/* End PBXFrameworksBuildPhase section */

/* Begin PBXGroup section */
		C9FA52841DAE89A300049A69 = {
			isa = PBXGroup;
			children = (
				C9FA528F1DAE89A300049A69 /* WeatherAlert */,
				C9FA52A41DAE89A300049A69 /* WeatherAlertTests */,
				C9FA528E1DAE89A300049A69 /* Products */,
			);
			sourceTree = "<group>";
		};
		C9FA528E1DAE89A300049A69 /* Products */ = {
			isa = PBXGroup;
			children = (
				C9FA528D1DAE89A300049A69 /* WeatherAlert.app */,
				C9FA52A11DAE89A300049A69 /* WeatherAlertTests.xctest */,
			);
			name = Products;
			sourceTree = "<group>";
		};
		C9FA528F1DAE89A300049A69 /* WeatherAlert */ = {
			isa = PBXGroup;
			children = (
				C9FA52901DAE89A300049A69 /* AppDelegate.swift */,
				C9FA52921DAE89A300049A69 /* ViewController.swift */,
				C9FA52941DAE89A300049A69 /* Main.storyboard */,
				C9FA52971DAE89A300049A69 /* Assets.xcassets */,
				C9FA52991DAE89A300049A69 /* LaunchScreen.storyboard */,
				C9FA529C1DAE89A300049A69 /* Info.plist */,
				C9FA52BE1DAE8BBA00049A69 /* ConditionChecker.swift */,
				C9FA52C01DAE95C200049A69 /* Activity.swift */,
			);
			path = WeatherAlert;
			sourceTree = "<group>";
		};
		C9FA52A41DAE89A300049A69 /* WeatherAlertTests */ = {
			isa = PBXGroup;
			children = (
				C9FA52A51DAE89A300049A69 /* WeatherAlertTests.swift */,
				C9FA52A71DAE89A300049A69 /* Info.plist */,
				C9FA52C61DB2590A00049A69 /* ConditionChecker.swift */,
			);
			path = WeatherAlertTests;
			sourceTree = "<group>";
		};
/* End PBXGroup section */

/* Begin PBXNativeTarget section */
		C9FA528C1DAE89A300049A69 /* WeatherAlert */ = {
			isa = PBXNativeTarget;
			buildConfigurationList = C9FA52B51DAE89A300049A69 /* Build configuration list for PBXNativeTarget "WeatherAlert" */;
			buildPhases = (
				C9FA52891DAE89A300049A69 /* Sources */,
				C9FA528A1DAE89A300049A69 /* Frameworks */,
				C9FA528B1DAE89A300049A69 /* Resources */,
			);
			buildRules = (
			);
			dependencies = (
			);
			name = WeatherAlert;
			productName = WeatherAlert;
			productReference = C9FA528D1DAE89A300049A69 /* WeatherAlert.app */;
			productType = "com.apple.product-type.application";
		};
		C9FA52A01DAE89A300049A69 /* WeatherAlertTests */ = {
			isa = PBXNativeTarget;
			buildConfigurationList = C9FA52B81DAE89A300049A69 /* Build configuration list for PBXNativeTarget "WeatherAlertTests" */;
			buildPhases = (
				C9FA529D1DAE89A300049A69 /* Sources */,
				C9FA529E1DAE89A300049A69 /* Frameworks */,
				C9FA529F1DAE89A300049A69 /* Resources */,
			);
			buildRules = (
			);
			dependencies = (
				C9FA52A31DAE89A300049A69 /* PBXTargetDependency */,
			);
			name = WeatherAlertTests;
			productName = WeatherAlertTests;
			productReference = C9FA52A11DAE89A300049A69 /* WeatherAlertTests.xctest */;
			productType = "com.apple.product-type.bundle.unit-test";
		};
/* End PBXNativeTarget section */

/* Begin PBXProject section */
		C9FA52851DAE89A300049A69 /* Project object */ = {
			isa = PBXProject;
			attributes = {
				LastSwiftUpdateCheck = 0730;
				LastUpgradeCheck = 0730;
				ORGANIZATIONNAME = "Matt Weems";
				TargetAttributes = {
					C9FA528C1DAE89A300049A69 = {
						CreatedOnToolsVersion = 7.3.1;
					};
					C9FA52A01DAE89A300049A69 = {
						CreatedOnToolsVersion = 7.3.1;
						TestTargetID = C9FA528C1DAE89A300049A69;
					};
				};
			};
			buildConfigurationList = C9FA52881DAE89A300049A69 /* Build configuration list for PBXProject "WeatherAlert" */;
			compatibilityVersion = "Xcode 3.2";
			developmentRegion = English;
			hasScannedForEncodings = 0;
			knownRegions = (
				en,
				Base,
			);
			mainGroup = C9FA52841DAE89A300049A69;
			productRefGroup = C9FA528E1DAE89A300049A69 /* Products */;
			projectDirPath = "";
			projectRoot = "";
			targets = (
				C9FA528C1DAE89A300049A69 /* WeatherAlert */,
				C9FA52A01DAE89A300049A69 /* WeatherAlertTests */,
			);
		};
/* End PBXProject section */

/* Begin PBXResourcesBuildPhase section */
		C9FA528B1DAE89A300049A69 /* Resources */ = {
			isa = PBXResourcesBuildPhase;
			buildActionMask = 2147483647;
			files = (
				C9FA529B1DAE89A300049A69 /* LaunchScreen.storyboard in Resources */,
				C9FA52981DAE89A300049A69 /* Assets.xcassets in Resources */,
				C9FA52961DAE89A300049A69 /* Main.storyboard in Resources */,
			);
			runOnlyForDeploymentPostprocessing = 0;
		};
		C9FA529F1DAE89A300049A69 /* Resources */ = {
			isa = PBXResourcesBuildPhase;
			buildActionMask = 2147483647;
			files = (
			);
			runOnlyForDeploymentPostprocessing = 0;
		};
/* End PBXResourcesBuildPhase section */

/* Begin PBXSourcesBuildPhase section */
		C9FA52891DAE89A300049A69 /* Sources */ = {
			isa = PBXSourcesBuildPhase;
			buildActionMask = 2147483647;
			files = (
				C9FA52931DAE89A300049A69 /* ViewController.swift in Sources */,
				C9FA52911DAE89A300049A69 /* AppDelegate.swift in Sources */,
				C9FA52C11DAE95C200049A69 /* Activity.swift in Sources */,
				C9FA52BF1DAE8BBA00049A69 /* ConditionChecker.swift in Sources */,
			);
			runOnlyForDeploymentPostprocessing = 0;
		};
		C9FA529D1DAE89A300049A69 /* Sources */ = {
			isa = PBXSourcesBuildPhase;
			buildActionMask = 2147483647;
			files = (
				C9FA52C51DAEF70E00049A69 /* WeatherAlertTests.swift in Sources */,
				C9FA52C71DB2590A00049A69 /* ConditionChecker.swift in Sources */,
			);
			runOnlyForDeploymentPostprocessing = 0;
		};
/* End PBXSourcesBuildPhase section */

/* Begin PBXTargetDependency section */
		C9FA52A31DAE89A300049A69 /* PBXTargetDependency */ = {
			isa = PBXTargetDependency;
			target = C9FA528C1DAE89A300049A69 /* WeatherAlert */;
			targetProxy = C9FA52A21DAE89A300049A69 /* PBXContainerItemProxy */;
		};
/* End PBXTargetDependency section */

/* Begin PBXVariantGroup section */
		C9FA52941DAE89A300049A69 /* Main.storyboard */ = {
			isa = PBXVariantGroup;
			children = (
				C9FA52951DAE89A300049A69 /* Base */,
			);
			name = Main.storyboard;
			sourceTree = "<group>";
		};
		C9FA52991DAE89A300049A69 /* LaunchScreen.storyboard */ = {
			isa = PBXVariantGroup;
			children = (
				C9FA529A1DAE89A300049A69 /* Base */,
			);
			name = LaunchScreen.storyboard;
			sourceTree = "<group>";
		};
/* End PBXVariantGroup section */

/* Begin XCBuildConfiguration section */
		C9FA52B31DAE89A300049A69 /* Debug */ = {
			isa = XCBuildConfiguration;
			buildSettings = {
				ALWAYS_SEARCH_USER_PATHS = NO;
				CLANG_ANALYZER_NONNULL = YES;
				CLANG_CXX_LANGUAGE_STANDARD = "gnu++0x";
				CLANG_CXX_LIBRARY = "libc++";
				CLANG_ENABLE_MODULES = YES;
				CLANG_ENABLE_OBJC_ARC = YES;
				CLANG_WARN_BOOL_CONVERSION = YES;
				CLANG_WARN_CONSTANT_CONVERSION = YES;
				CLANG_WARN_DIRECT_OBJC_ISA_USAGE = YES_ERROR;
				CLANG_WARN_EMPTY_BODY = YES;
				CLANG_WARN_ENUM_CONVERSION = YES;
				CLANG_WARN_INT_CONVERSION = YES;
				CLANG_WARN_OBJC_ROOT_CLASS = YES_ERROR;
				CLANG_WARN_UNREACHABLE_CODE = YES;
				CLANG_WARN__DUPLICATE_METHOD_MATCH = YES;
				"CODE_SIGN_IDENTITY[sdk=iphoneos*]" = "iPhone Developer";
				COPY_PHASE_STRIP = NO;
				DEBUG_INFORMATION_FORMAT = dwarf;
				ENABLE_STRICT_OBJC_MSGSEND = YES;
				ENABLE_TESTABILITY = YES;
				GCC_C_LANGUAGE_STANDARD = gnu99;
				GCC_DYNAMIC_NO_PIC = NO;
				GCC_NO_COMMON_BLOCKS = YES;
				GCC_OPTIMIZATION_LEVEL = 0;
				GCC_PREPROCESSOR_DEFINITIONS = (
					"DEBUG=1",
					"$(inherited)",
				);
				GCC_WARN_64_TO_32_BIT_CONVERSION = YES;
				GCC_WARN_ABOUT_RETURN_TYPE = YES_ERROR;
				GCC_WARN_UNDECLARED_SELECTOR = YES;
				GCC_WARN_UNINITIALIZED_AUTOS = YES_AGGRESSIVE;
				GCC_WARN_UNUSED_FUNCTION = YES;
				GCC_WARN_UNUSED_VARIABLE = YES;
				IPHONEOS_DEPLOYMENT_TARGET = 9.3;
				MTL_ENABLE_DEBUG_INFO = YES;
				ONLY_ACTIVE_ARCH = YES;
				SDKROOT = iphoneos;
				SWIFT_OPTIMIZATION_LEVEL = "-Onone";
			};
			name = Debug;
		};
		C9FA52B41DAE89A300049A69 /* Release */ = {
			isa = XCBuildConfiguration;
			buildSettings = {
				ALWAYS_SEARCH_USER_PATHS = NO;
				CLANG_ANALYZER_NONNULL = YES;
				CLANG_CXX_LANGUAGE_STANDARD = "gnu++0x";
				CLANG_CXX_LIBRARY = "libc++";
				CLANG_ENABLE_MODULES = YES;
				CLANG_ENABLE_OBJC_ARC = YES;
				CLANG_WARN_BOOL_CONVERSION = YES;
				CLANG_WARN_CONSTANT_CONVERSION = YES;
				CLANG_WARN_DIRECT_OBJC_ISA_USAGE = YES_ERROR;
				CLANG_WARN_EMPTY_BODY = YES;
				CLANG_WARN_ENUM_CONVERSION = YES;
				CLANG_WARN_INT_CONVERSION = YES;
				CLANG_WARN_OBJC_ROOT_CLASS = YES_ERROR;
				CLANG_WARN_UNREACHABLE_CODE = YES;
				CLANG_WARN__DUPLICATE_METHOD_MATCH = YES;
				"CODE_SIGN_IDENTITY[sdk=iphoneos*]" = "iPhone Developer";
				COPY_PHASE_STRIP = NO;
				DEBUG_INFORMATION_FORMAT = "dwarf-with-dsym";
				ENABLE_NS_ASSERTIONS = NO;
				ENABLE_STRICT_OBJC_MSGSEND = YES;
				GCC_C_LANGUAGE_STANDARD = gnu99;
				GCC_NO_COMMON_BLOCKS = YES;
				GCC_WARN_64_TO_32_BIT_CONVERSION = YES;
				GCC_WARN_ABOUT_RETURN_TYPE = YES_ERROR;
				GCC_WARN_UNDECLARED_SELECTOR = YES;
				GCC_WARN_UNINITIALIZED_AUTOS = YES_AGGRESSIVE;
				GCC_WARN_UNUSED_FUNCTION = YES;
				GCC_WARN_UNUSED_VARIABLE = YES;
				IPHONEOS_DEPLOYMENT_TARGET = 9.3;
				MTL_ENABLE_DEBUG_INFO = NO;
				SDKROOT = iphoneos;
				VALIDATE_PRODUCT = YES;
			};
			name = Release;
		};
		C9FA52B61DAE89A300049A69 /* Debug */ = {
			isa = XCBuildConfiguration;
			buildSettings = {
				ASSETCATALOG_COMPILER_APPICON_NAME = AppIcon;
				INFOPLIST_FILE = WeatherAlert/Info.plist;
				LD_RUNPATH_SEARCH_PATHS = "$(inherited) @executable_path/Frameworks";
				PRODUCT_BUNDLE_IDENTIFIER = weemsical.WeatherAlert;
				PRODUCT_NAME = "$(TARGET_NAME)";
			};
			name = Debug;
		};
		C9FA52B71DAE89A300049A69 /* Release */ = {
			isa = XCBuildConfiguration;
			buildSettings = {
				ASSETCATALOG_COMPILER_APPICON_NAME = AppIcon;
				INFOPLIST_FILE = WeatherAlert/Info.plist;
				LD_RUNPATH_SEARCH_PATHS = "$(inherited) @executable_path/Frameworks";
				PRODUCT_BUNDLE_IDENTIFIER = weemsical.WeatherAlert;
				PRODUCT_NAME = "$(TARGET_NAME)";
			};
			name = Release;
		};
		C9FA52B91DAE89A300049A69 /* Debug */ = {
			isa = XCBuildConfiguration;
			buildSettings = {
				BUNDLE_LOADER = "$(TEST_HOST)";
				INFOPLIST_FILE = WeatherAlertTests/Info.plist;
				LD_RUNPATH_SEARCH_PATHS = "$(inherited) @executable_path/Frameworks @loader_path/Frameworks";
				PRODUCT_BUNDLE_IDENTIFIER = weemsical.WeatherAlertTests;
				PRODUCT_NAME = "$(TARGET_NAME)";
				TEST_HOST = "$(BUILT_PRODUCTS_DIR)/WeatherAlert.app/WeatherAlert";
			};
			name = Debug;
		};
		C9FA52BA1DAE89A300049A69 /* Release */ = {
			isa = XCBuildConfiguration;
			buildSettings = {
				BUNDLE_LOADER = "$(TEST_HOST)";
				INFOPLIST_FILE = WeatherAlertTests/Info.plist;
				LD_RUNPATH_SEARCH_PATHS = "$(inherited) @executable_path/Frameworks @loader_path/Frameworks";
				PRODUCT_BUNDLE_IDENTIFIER = weemsical.WeatherAlertTests;
				PRODUCT_NAME = "$(TARGET_NAME)";
				TEST_HOST = "$(BUILT_PRODUCTS_DIR)/WeatherAlert.app/WeatherAlert";
			};
			name = Release;
		};
/* End XCBuildConfiguration section */

/* Begin XCConfigurationList section */
		C9FA52881DAE89A300049A69 /* Build configuration list for PBXProject "WeatherAlert" */ = {
			isa = XCConfigurationList;
			buildConfigurations = (
				C9FA52B31DAE89A300049A69 /* Debug */,
				C9FA52B41DAE89A300049A69 /* Release */,
			);
			defaultConfigurationIsVisible = 0;
			defaultConfigurationName = Release;
		};
		C9FA52B51DAE89A300049A69 /* Build configuration list for PBXNativeTarget "WeatherAlert" */ = {
			isa = XCConfigurationList;
			buildConfigurations = (
				C9FA52B61DAE89A300049A69 /* Debug */,
				C9FA52B71DAE89A300049A69 /* Release */,
			);
			defaultConfigurationIsVisible = 0;
		};
		C9FA52B81DAE89A300049A69 /* Build configuration list for PBXNativeTarget "WeatherAlertTests" */ = {
			isa = XCConfigurationList;
			buildConfigurations = (
				C9FA52B91DAE89A300049A69 /* Debug */,
				C9FA52BA1DAE89A300049A69 /* Release */,
			);
			defaultConfigurationIsVisible = 0;
		};
/* End XCConfigurationList section */
	};
	rootObject = C9FA52851DAE89A300049A69 /* Project object */;
}
